
Microsoft Visual Studio Solution File, Format Version 12.00
# Visual Studio Version 17
VisualStudioVersion = 17.8.34322.80
MinimumVisualStudioVersion = 10.0.40219.1
Project("{00D1A9C2-B5F0-4AF3-8072-F6C62B433612}") = "Hybrsoft.Database", "Hybrsoft.Database\Hybrsoft.Database.sqlproj", "{4364DA23-5537-4D53-AD26-CEAAC4718FAA}"
EndProject
Project("{9A19103F-16F7-4668-BE54-9A1E7A4F7556}") = "Hybrsoft.Infrastructure", "Hybrsoft.Infrastructure\Hybrsoft.Infrastructure.csproj", "{33260B15-2C22-40B4-AB7C-52AED4F08158}"
EndProject
Project("{9A19103F-16F7-4668-BE54-9A1E7A4F7556}") = "Hybrsoft.Domain", "Hybrsoft.Domain\Hybrsoft.Domain.csproj", "{11C9BD29-4433-45C3-8CD7-10683A1BC2B9}"
	ProjectSection(ProjectDependencies) = postProject
		{33260B15-2C22-40B4-AB7C-52AED4F08158} = {33260B15-2C22-40B4-AB7C-52AED4F08158}
	EndProjectSection
EndProject
Project("{9A19103F-16F7-4668-BE54-9A1E7A4F7556}") = "Hybrsoft.EnterpriseManager", "Hybrsoft.EnterpriseManager\Hybrsoft.EnterpriseManager.csproj", "{811325B4-0041-4A52-910D-6DAFBDEE3399}"
EndProject
Project("{FAE04EC0-301F-11D3-BF4B-00C04F79EFBC}") = "Hybrsoft.FoundationAPI", "Hybrsoft.FoundationAPI\Hybrsoft.FoundationAPI.csproj", "{9E2FE882-1692-4142-A35B-6A7D466E611D}"
EndProject
Project("{FAE04EC0-301F-11D3-BF4B-00C04F79EFBC}") = "Hybrsoft.DTOs", "Hybrsoft.DTOs\Hybrsoft.DTOs.csproj", "{4DC50657-7F54-4932-9935-58B4561EE0A9}"
EndProject
Project("{FAE04EC0-301F-11D3-BF4B-00C04F79EFBC}") = "Hybrsoft.Enums", "Hybrsoft.Enums\Hybrsoft.Enums.csproj", "{BF1DFB8D-9B11-4D77-A644-5288AD190707}"
EndProject
Global
	GlobalSection(SolutionConfigurationPlatforms) = preSolution
		Debug|Any CPU = Debug|Any CPU
		Debug|ARM64 = Debug|ARM64
		Debug|x64 = Debug|x64
		Debug|x86 = Debug|x86
		Release|Any CPU = Release|Any CPU
		Release|ARM64 = Release|ARM64
		Release|x64 = Release|x64
		Release|x86 = Release|x86
	EndGlobalSection
	GlobalSection(ProjectConfigurationPlatforms) = postSolution
		{4364DA23-5537-4D53-AD26-CEAAC4718FAA}.Debug|Any CPU.ActiveCfg = Debug|Any CPU
		{4364DA23-5537-4D53-AD26-CEAAC4718FAA}.Debug|Any CPU.Build.0 = Debug|Any CPU
		{4364DA23-5537-4D53-AD26-CEAAC4718FAA}.Debug|Any CPU.Deploy.0 = Debug|Any CPU
		{4364DA23-5537-4D53-AD26-CEAAC4718FAA}.Debug|ARM64.ActiveCfg = Debug|Any CPU
		{4364DA23-5537-4D53-AD26-CEAAC4718FAA}.Debug|ARM64.Build.0 = Debug|Any CPU
		{4364DA23-5537-4D53-AD26-CEAAC4718FAA}.Debug|ARM64.Deploy.0 = Debug|Any CPU
		{4364DA23-5537-4D53-AD26-CEAAC4718FAA}.Debug|x64.ActiveCfg = Debug|Any CPU
		{4364DA23-5537-4D53-AD26-CEAAC4718FAA}.Debug|x64.Build.0 = Debug|Any CPU
		{4364DA23-5537-4D53-AD26-CEAAC4718FAA}.Debug|x64.Deploy.0 = Debug|Any CPU
		{4364DA23-5537-4D53-AD26-CEAAC4718FAA}.Debug|x86.ActiveCfg = Debug|Any CPU
		{4364DA23-5537-4D53-AD26-CEAAC4718FAA}.Debug|x86.Build.0 = Debug|Any CPU
		{4364DA23-5537-4D53-AD26-CEAAC4718FAA}.Debug|x86.Deploy.0 = Debug|Any CPU
		{4364DA23-5537-4D53-AD26-CEAAC4718FAA}.Release|Any CPU.ActiveCfg = Release|Any CPU
		{4364DA23-5537-4D53-AD26-CEAAC4718FAA}.Release|Any CPU.Build.0 = Release|Any CPU
		{4364DA23-5537-4D53-AD26-CEAAC4718FAA}.Release|Any CPU.Deploy.0 = Release|Any CPU
		{4364DA23-5537-4D53-AD26-CEAAC4718FAA}.Release|ARM64.ActiveCfg = Release|Any CPU
		{4364DA23-5537-4D53-AD26-CEAAC4718FAA}.Release|ARM64.Build.0 = Release|Any CPU
		{4364DA23-5537-4D53-AD26-CEAAC4718FAA}.Release|ARM64.Deploy.0 = Release|Any CPU
		{4364DA23-5537-4D53-AD26-CEAAC4718FAA}.Release|x64.ActiveCfg = Release|Any CPU
		{4364DA23-5537-4D53-AD26-CEAAC4718FAA}.Release|x64.Build.0 = Release|Any CPU
		{4364DA23-5537-4D53-AD26-CEAAC4718FAA}.Release|x64.Deploy.0 = Release|Any CPU
		{4364DA23-5537-4D53-AD26-CEAAC4718FAA}.Release|x86.ActiveCfg = Release|Any CPU
		{4364DA23-5537-4D53-AD26-CEAAC4718FAA}.Release|x86.Build.0 = Release|Any CPU
		{4364DA23-5537-4D53-AD26-CEAAC4718FAA}.Release|x86.Deploy.0 = Release|Any CPU
		{33260B15-2C22-40B4-AB7C-52AED4F08158}.Debug|Any CPU.ActiveCfg = Debug|Any CPU
		{33260B15-2C22-40B4-AB7C-52AED4F08158}.Debug|Any CPU.Build.0 = Debug|Any CPU
		{33260B15-2C22-40B4-AB7C-52AED4F08158}.Debug|ARM64.ActiveCfg = Debug|Any CPU
		{33260B15-2C22-40B4-AB7C-52AED4F08158}.Debug|ARM64.Build.0 = Debug|Any CPU
		{33260B15-2C22-40B4-AB7C-52AED4F08158}.Debug|x64.ActiveCfg = Debug|Any CPU
		{33260B15-2C22-40B4-AB7C-52AED4F08158}.Debug|x64.Build.0 = Debug|Any CPU
		{33260B15-2C22-40B4-AB7C-52AED4F08158}.Debug|x86.ActiveCfg = Debug|Any CPU
		{33260B15-2C22-40B4-AB7C-52AED4F08158}.Debug|x86.Build.0 = Debug|Any CPU
		{33260B15-2C22-40B4-AB7C-52AED4F08158}.Release|Any CPU.ActiveCfg = Release|Any CPU
		{33260B15-2C22-40B4-AB7C-52AED4F08158}.Release|Any CPU.Build.0 = Release|Any CPU
		{33260B15-2C22-40B4-AB7C-52AED4F08158}.Release|ARM64.ActiveCfg = Release|Any CPU
		{33260B15-2C22-40B4-AB7C-52AED4F08158}.Release|ARM64.Build.0 = Release|Any CPU
		{33260B15-2C22-40B4-AB7C-52AED4F08158}.Release|x64.ActiveCfg = Release|Any CPU
		{33260B15-2C22-40B4-AB7C-52AED4F08158}.Release|x64.Build.0 = Release|Any CPU
		{33260B15-2C22-40B4-AB7C-52AED4F08158}.Release|x86.ActiveCfg = Release|Any CPU
		{33260B15-2C22-40B4-AB7C-52AED4F08158}.Release|x86.Build.0 = Release|Any CPU
		{11C9BD29-4433-45C3-8CD7-10683A1BC2B9}.Debug|Any CPU.ActiveCfg = Debug|Any CPU
		{11C9BD29-4433-45C3-8CD7-10683A1BC2B9}.Debug|Any CPU.Build.0 = Debug|Any CPU
		{11C9BD29-4433-45C3-8CD7-10683A1BC2B9}.Debug|ARM64.ActiveCfg = Debug|Any CPU
		{11C9BD29-4433-45C3-8CD7-10683A1BC2B9}.Debug|ARM64.Build.0 = Debug|Any CPU
		{11C9BD29-4433-45C3-8CD7-10683A1BC2B9}.Debug|x64.ActiveCfg = Debug|Any CPU
		{11C9BD29-4433-45C3-8CD7-10683A1BC2B9}.Debug|x64.Build.0 = Debug|Any CPU
		{11C9BD29-4433-45C3-8CD7-10683A1BC2B9}.Debug|x86.ActiveCfg = Debug|Any CPU
		{11C9BD29-4433-45C3-8CD7-10683A1BC2B9}.Debug|x86.Build.0 = Debug|Any CPU
		{11C9BD29-4433-45C3-8CD7-10683A1BC2B9}.Release|Any CPU.ActiveCfg = Release|Any CPU
		{11C9BD29-4433-45C3-8CD7-10683A1BC2B9}.Release|Any CPU.Build.0 = Release|Any CPU
		{11C9BD29-4433-45C3-8CD7-10683A1BC2B9}.Release|ARM64.ActiveCfg = Release|Any CPU
		{11C9BD29-4433-45C3-8CD7-10683A1BC2B9}.Release|ARM64.Build.0 = Release|Any CPU
		{11C9BD29-4433-45C3-8CD7-10683A1BC2B9}.Release|x64.ActiveCfg = Release|Any CPU
		{11C9BD29-4433-45C3-8CD7-10683A1BC2B9}.Release|x64.Build.0 = Release|Any CPU
		{11C9BD29-4433-45C3-8CD7-10683A1BC2B9}.Release|x86.ActiveCfg = Release|Any CPU
		{11C9BD29-4433-45C3-8CD7-10683A1BC2B9}.Release|x86.Build.0 = Release|Any CPU
		{811325B4-0041-4A52-910D-6DAFBDEE3399}.Debug|Any CPU.ActiveCfg = Debug|x64
		{811325B4-0041-4A52-910D-6DAFBDEE3399}.Debug|Any CPU.Build.0 = Debug|x64
		{811325B4-0041-4A52-910D-6DAFBDEE3399}.Debug|Any CPU.Deploy.0 = Debug|x64
		{811325B4-0041-4A52-910D-6DAFBDEE3399}.Debug|ARM64.ActiveCfg = Debug|ARM64
		{811325B4-0041-4A52-910D-6DAFBDEE3399}.Debug|ARM64.Build.0 = Debug|ARM64
		{811325B4-0041-4A52-910D-6DAFBDEE3399}.Debug|ARM64.Deploy.0 = Debug|ARM64
		{811325B4-0041-4A52-910D-6DAFBDEE3399}.Debug|x64.ActiveCfg = Debug|x64
		{811325B4-0041-4A52-910D-6DAFBDEE3399}.Debug|x64.Build.0 = Debug|x64
		{811325B4-0041-4A52-910D-6DAFBDEE3399}.Debug|x64.Deploy.0 = Debug|x64
		{811325B4-0041-4A52-910D-6DAFBDEE3399}.Debug|x86.ActiveCfg = Debug|x86
		{811325B4-0041-4A52-910D-6DAFBDEE3399}.Debug|x86.Build.0 = Debug|x86
		{811325B4-0041-4A52-910D-6DAFBDEE3399}.Debug|x86.Deploy.0 = Debug|x86
		{811325B4-0041-4A52-910D-6DAFBDEE3399}.Release|Any CPU.ActiveCfg = Release|x64
		{811325B4-0041-4A52-910D-6DAFBDEE3399}.Release|Any CPU.Build.0 = Release|x64
		{811325B4-0041-4A52-910D-6DAFBDEE3399}.Release|Any CPU.Deploy.0 = Release|x64
		{811325B4-0041-4A52-910D-6DAFBDEE3399}.Release|ARM64.ActiveCfg = Release|ARM64
		{811325B4-0041-4A52-910D-6DAFBDEE3399}.Release|ARM64.Build.0 = Release|ARM64
		{811325B4-0041-4A52-910D-6DAFBDEE3399}.Release|ARM64.Deploy.0 = Release|ARM64
		{811325B4-0041-4A52-910D-6DAFBDEE3399}.Release|x64.ActiveCfg = Release|x64
		{811325B4-0041-4A52-910D-6DAFBDEE3399}.Release|x64.Build.0 = Release|x64
		{811325B4-0041-4A52-910D-6DAFBDEE3399}.Release|x64.Deploy.0 = Release|x64
		{811325B4-0041-4A52-910D-6DAFBDEE3399}.Release|x86.ActiveCfg = Release|x86
		{811325B4-0041-4A52-910D-6DAFBDEE3399}.Release|x86.Build.0 = Release|x86
		{811325B4-0041-4A52-910D-6DAFBDEE3399}.Release|x86.Deploy.0 = Release|x86
		{9E2FE882-1692-4142-A35B-6A7D466E611D}.Debug|Any CPU.ActiveCfg = Debug|Any CPU
		{9E2FE882-1692-4142-A35B-6A7D466E611D}.Debug|Any CPU.Build.0 = Debug|Any CPU
		{9E2FE882-1692-4142-A35B-6A7D466E611D}.Debug|ARM64.ActiveCfg = Debug|Any CPU
		{9E2FE882-1692-4142-A35B-6A7D466E611D}.Debug|ARM64.Build.0 = Debug|Any CPU
		{9E2FE882-1692-4142-A35B-6A7D466E611D}.Debug|x64.ActiveCfg = Debug|Any CPU
		{9E2FE882-1692-4142-A35B-6A7D466E611D}.Debug|x64.Build.0 = Debug|Any CPU
		{9E2FE882-1692-4142-A35B-6A7D466E611D}.Debug|x86.ActiveCfg = Debug|Any CPU
		{9E2FE882-1692-4142-A35B-6A7D466E611D}.Debug|x86.Build.0 = Debug|Any CPU
		{9E2FE882-1692-4142-A35B-6A7D466E611D}.Release|Any CPU.ActiveCfg = Release|Any CPU
		{9E2FE882-1692-4142-A35B-6A7D466E611D}.Release|Any CPU.Build.0 = Release|Any CPU
		{9E2FE882-1692-4142-A35B-6A7D466E611D}.Release|ARM64.ActiveCfg = Release|Any CPU
		{9E2FE882-1692-4142-A35B-6A7D466E611D}.Release|ARM64.Build.0 = Release|Any CPU
		{9E2FE882-1692-4142-A35B-6A7D466E611D}.Release|x64.ActiveCfg = Release|Any CPU
		{9E2FE882-1692-4142-A35B-6A7D466E611D}.Release|x64.Build.0 = Release|Any CPU
		{9E2FE882-1692-4142-A35B-6A7D466E611D}.Release|x86.ActiveCfg = Release|Any CPU
		{9E2FE882-1692-4142-A35B-6A7D466E611D}.Release|x86.Build.0 = Release|Any CPU
		{4DC50657-7F54-4932-9935-58B4561EE0A9}.Debug|Any CPU.ActiveCfg = Debug|Any CPU
		{4DC50657-7F54-4932-9935-58B4561EE0A9}.Debug|Any CPU.Build.0 = Debug|Any CPU
		{4DC50657-7F54-4932-9935-58B4561EE0A9}.Debug|ARM64.ActiveCfg = Debug|Any CPU
		{4DC50657-7F54-4932-9935-58B4561EE0A9}.Debug|ARM64.Build.0 = Debug|Any CPU
		{4DC50657-7F54-4932-9935-58B4561EE0A9}.Debug|x64.ActiveCfg = Debug|Any CPU
		{4DC50657-7F54-4932-9935-58B4561EE0A9}.Debug|x64.Build.0 = Debug|Any CPU
		{4DC50657-7F54-4932-9935-58B4561EE0A9}.Debug|x86.ActiveCfg = Debug|Any CPU
		{4DC50657-7F54-4932-9935-58B4561EE0A9}.Debug|x86.Build.0 = Debug|Any CPU
		{4DC50657-7F54-4932-9935-58B4561EE0A9}.Release|Any CPU.ActiveCfg = Release|Any CPU
		{4DC50657-7F54-4932-9935-58B4561EE0A9}.Release|Any CPU.Build.0 = Release|Any CPU
		{4DC50657-7F54-4932-9935-58B4561EE0A9}.Release|ARM64.ActiveCfg = Release|Any CPU
		{4DC50657-7F54-4932-9935-58B4561EE0A9}.Release|ARM64.Build.0 = Release|Any CPU
		{4DC50657-7F54-4932-9935-58B4561EE0A9}.Release|x64.ActiveCfg = Release|Any CPU
		{4DC50657-7F54-4932-9935-58B4561EE0A9}.Release|x64.Build.0 = Release|Any CPU
		{4DC50657-7F54-4932-9935-58B4561EE0A9}.Release|x86.ActiveCfg = Release|Any CPU
		{4DC50657-7F54-4932-9935-58B4561EE0A9}.Release|x86.Build.0 = Release|Any CPU
		{BF1DFB8D-9B11-4D77-A644-5288AD190707}.Debug|Any CPU.ActiveCfg = Debug|Any CPU
		{BF1DFB8D-9B11-4D77-A644-5288AD190707}.Debug|Any CPU.Build.0 = Debug|Any CPU
		{BF1DFB8D-9B11-4D77-A644-5288AD190707}.Debug|ARM64.ActiveCfg = Debug|Any CPU
		{BF1DFB8D-9B11-4D77-A644-5288AD190707}.Debug|ARM64.Build.0 = Debug|Any CPU
		{BF1DFB8D-9B11-4D77-A644-5288AD190707}.Debug|x64.ActiveCfg = Debug|Any CPU
		{BF1DFB8D-9B11-4D77-A644-5288AD190707}.Debug|x64.Build.0 = Debug|Any CPU
		{BF1DFB8D-9B11-4D77-A644-5288AD190707}.Debug|x86.ActiveCfg = Debug|Any CPU
		{BF1DFB8D-9B11-4D77-A644-5288AD190707}.Debug|x86.Build.0 = Debug|Any CPU
		{BF1DFB8D-9B11-4D77-A644-5288AD190707}.Release|Any CPU.ActiveCfg = Release|Any CPU
		{BF1DFB8D-9B11-4D77-A644-5288AD190707}.Release|Any CPU.Build.0 = Release|Any CPU
		{BF1DFB8D-9B11-4D77-A644-5288AD190707}.Release|ARM64.ActiveCfg = Release|Any CPU
		{BF1DFB8D-9B11-4D77-A644-5288AD190707}.Release|ARM64.Build.0 = Release|Any CPU
		{BF1DFB8D-9B11-4D77-A644-5288AD190707}.Release|x64.ActiveCfg = Release|Any CPU
		{BF1DFB8D-9B11-4D77-A644-5288AD190707}.Release|x64.Build.0 = Release|Any CPU
		{BF1DFB8D-9B11-4D77-A644-5288AD190707}.Release|x86.ActiveCfg = Release|Any CPU
		{BF1DFB8D-9B11-4D77-A644-5288AD190707}.Release|x86.Build.0 = Release|Any CPU
	EndGlobalSection
	GlobalSection(SolutionProperties) = preSolution
		HideSolutionNode = FALSE
	EndGlobalSection
	GlobalSection(ExtensibilityGlobals) = postSolution
		SolutionGuid = {5647BAE2-2285-48B5-8C7F-6FB8DC981804}
	EndGlobalSection
EndGlobal
